
Microsoft Visual Studio Solution File, Format Version 12.00
# Visual Studio Version 16
VisualStudioVersion = 16.0.29403.142
MinimumVisualStudioVersion = 10.0.40219.1
Project("{8BC9CEB8-8B4A-11D0-8D11-00A0C91BC942}") = "курсач2.0", "курсач2.0.vcxproj", "{402DD75B-3B44-402B-9201-25708A02A7AD}"
EndProject
Global
	GlobalSection(SolutionConfigurationPlatforms) = preSolution
		Debug|x64 = Debug|x64
		Debug|x86 = Debug|x86
		Release|x64 = Release|x64
		Release|x86 = Release|x86
	EndGlobalSection
	GlobalSection(ProjectConfigurationPlatforms) = postSolution
		{402DD75B-3B44-402B-9201-25708A02A7AD}.Debug|x64.ActiveCfg = Debug|x64
		{402DD75B-3B44-402B-9201-25708A02A7AD}.Debug|x64.Build.0 = Debug|x64
		{402DD75B-3B44-402B-9201-25708A02A7AD}.Debug|x86.ActiveCfg = Debug|Win32
		{402DD75B-3B44-402B-9201-25708A02A7AD}.Debug|x86.Build.0 = Debug|Win32
		{402DD75B-3B44-402B-9201-25708A02A7AD}.Release|x64.ActiveCfg = Release|x64
		{402DD75B-3B44-402B-9201-25708A02A7AD}.Release|x64.Build.0 = Release|x64
		{402DD75B-3B44-402B-9201-25708A02A7AD}.Release|x86.ActiveCfg = Release|Win32
		{402DD75B-3B44-402B-9201-25708A02A7AD}.Release|x86.Build.0 = Release|Win32
	EndGlobalSection
	GlobalSection(SolutionProperties) = preSolution
		HideSolutionNode = FALSE
	EndGlobalSection
	GlobalSection(ExtensibilityGlobals) = postSolution
		SolutionGuid = {57F0E4B3-870B-4AB3-A2E6-759083F1B996}
	EndGlobalSection
EndGlobal
