
Microsoft Visual Studio Solution File, Format Version 12.00
# Visual Studio Version 16
VisualStudioVersion = 16.0.29403.142
MinimumVisualStudioVersion = 10.0.40219.1
Project("{8BC9CEB8-8B4A-11D0-8D11-00A0C91BC942}") = "as_lab1.0", "as_lab1.0.vcxproj", "{F241CF01-CB13-4AC3-9BFA-5E4A32D00B74}"
EndProject
Global
	GlobalSection(SolutionConfigurationPlatforms) = preSolution
		Debug|x64 = Debug|x64
		Debug|x86 = Debug|x86
		Release|x64 = Release|x64
		Release|x86 = Release|x86
	EndGlobalSection
	GlobalSection(ProjectConfigurationPlatforms) = postSolution
		{F241CF01-CB13-4AC3-9BFA-5E4A32D00B74}.Debug|x64.ActiveCfg = Debug|x64
		{F241CF01-CB13-4AC3-9BFA-5E4A32D00B74}.Debug|x64.Build.0 = Debug|x64
		{F241CF01-CB13-4AC3-9BFA-5E4A32D00B74}.Debug|x86.ActiveCfg = Debug|Win32
		{F241CF01-CB13-4AC3-9BFA-5E4A32D00B74}.Debug|x86.Build.0 = Debug|Win32
		{F241CF01-CB13-4AC3-9BFA-5E4A32D00B74}.Release|x64.ActiveCfg = Release|x64
		{F241CF01-CB13-4AC3-9BFA-5E4A32D00B74}.Release|x64.Build.0 = Release|x64
		{F241CF01-CB13-4AC3-9BFA-5E4A32D00B74}.Release|x86.ActiveCfg = Release|Win32
		{F241CF01-CB13-4AC3-9BFA-5E4A32D00B74}.Release|x86.Build.0 = Release|Win32
	EndGlobalSection
	GlobalSection(SolutionProperties) = preSolution
		HideSolutionNode = FALSE
	EndGlobalSection
	GlobalSection(ExtensibilityGlobals) = postSolution
		SolutionGuid = {0CDCE781-B01C-4E20-B876-9A2F2C0BC1E9}
	EndGlobalSection
EndGlobal
