
Microsoft Visual Studio Solution File, Format Version 12.00
# Visual Studio Version 16
VisualStudioVersion = 16.0.29403.142
MinimumVisualStudioVersion = 10.0.40219.1
Project("{8BC9CEB8-8B4A-11D0-8D11-00A0C91BC942}") = "mnogochlen", "mnogochlen.vcxproj", "{F2183047-2252-41ED-A288-F41A4392A5EE}"
EndProject
Global
	GlobalSection(SolutionConfigurationPlatforms) = preSolution
		Debug|x64 = Debug|x64
		Debug|x86 = Debug|x86
		Release|x64 = Release|x64
		Release|x86 = Release|x86
	EndGlobalSection
	GlobalSection(ProjectConfigurationPlatforms) = postSolution
		{F2183047-2252-41ED-A288-F41A4392A5EE}.Debug|x64.ActiveCfg = Debug|x64
		{F2183047-2252-41ED-A288-F41A4392A5EE}.Debug|x64.Build.0 = Debug|x64
		{F2183047-2252-41ED-A288-F41A4392A5EE}.Debug|x86.ActiveCfg = Debug|Win32
		{F2183047-2252-41ED-A288-F41A4392A5EE}.Debug|x86.Build.0 = Debug|Win32
		{F2183047-2252-41ED-A288-F41A4392A5EE}.Release|x64.ActiveCfg = Release|x64
		{F2183047-2252-41ED-A288-F41A4392A5EE}.Release|x64.Build.0 = Release|x64
		{F2183047-2252-41ED-A288-F41A4392A5EE}.Release|x86.ActiveCfg = Release|Win32
		{F2183047-2252-41ED-A288-F41A4392A5EE}.Release|x86.Build.0 = Release|Win32
	EndGlobalSection
	GlobalSection(SolutionProperties) = preSolution
		HideSolutionNode = FALSE
	EndGlobalSection
	GlobalSection(ExtensibilityGlobals) = postSolution
		SolutionGuid = {9A20290B-9DDE-4209-BB7A-4C5744313700}
	EndGlobalSection
EndGlobal
